// !$*UTF8*$!
{
	archiveVersion = 1;
	classes = {
	};
	objectVersion = 46;
	objects = {

/* Begin PBXBuildFile section */
		DEBC7E6B190D44280021C3AE /* Foundation.framework in Frameworks */ = {isa = PBXBuildFile; fileRef = DEBC7E6A190D44280021C3AE /* Foundation.framework */; };
		DEBC7E6D190D44280021C3AE /* CoreGraphics.framework in Frameworks */ = {isa = PBXBuildFile; fileRef = DEBC7E6C190D44280021C3AE /* CoreGraphics.framework */; };
		DEBC7E6F190D44280021C3AE /* UIKit.framework in Frameworks */ = {isa = PBXBuildFile; fileRef = DEBC7E6E190D44280021C3AE /* UIKit.framework */; };
		DEBC7E75190D44280021C3AE /* InfoPlist.strings in Resources */ = {isa = PBXBuildFile; fileRef = DEBC7E73190D44280021C3AE /* InfoPlist.strings */; };
		DEBC7E77190D44280021C3AE /* main.m in Sources */ = {isa = PBXBuildFile; fileRef = DEBC7E76190D44280021C3AE /* main.m */; };
		DEBC7E7B190D44280021C3AE /* NATAppDelegate.m in Sources */ = {isa = PBXBuildFile; fileRef = DEBC7E7A190D44280021C3AE /* NATAppDelegate.m */; };
		DEBC7E7E190D44280021C3AE /* Main_iPhone.storyboard in Resources */ = {isa = PBXBuildFile; fileRef = DEBC7E7C190D44280021C3AE /* Main_iPhone.storyboard */; };
		DEBC7E81190D44280021C3AE /* Main_iPad.storyboard in Resources */ = {isa = PBXBuildFile; fileRef = DEBC7E7F190D44280021C3AE /* Main_iPad.storyboard */; };
		DEBC7E84190D44280021C3AE /* NATViewController.m in Sources */ = {isa = PBXBuildFile; fileRef = DEBC7E83190D44280021C3AE /* NATViewController.m */; };
		DEBC7E86190D44280021C3AE /* Images.xcassets in Resources */ = {isa = PBXBuildFile; fileRef = DEBC7E85190D44280021C3AE /* Images.xcassets */; };
		DEBC7E8D190D44280021C3AE /* XCTest.framework in Frameworks */ = {isa = PBXBuildFile; fileRef = DEBC7E8C190D44280021C3AE /* XCTest.framework */; };
		DEBC7E8E190D44280021C3AE /* Foundation.framework in Frameworks */ = {isa = PBXBuildFile; fileRef = DEBC7E6A190D44280021C3AE /* Foundation.framework */; };
		DEBC7E8F190D44280021C3AE /* UIKit.framework in Frameworks */ = {isa = PBXBuildFile; fileRef = DEBC7E6E190D44280021C3AE /* UIKit.framework */; };
		DEBC7E97190D44280021C3AE /* InfoPlist.strings in Resources */ = {isa = PBXBuildFile; fileRef = DEBC7E95190D44280021C3AE /* InfoPlist.strings */; };
		DEBC7E99190D44280021C3AE /* CodeMasterTests.m in Sources */ = {isa = PBXBuildFile; fileRef = DEBC7E98190D44280021C3AE /* CodeMasterTests.m */; };
		DEBC7ECB190D7E330021C3AE /* botPanel.png in Resources */ = {isa = PBXBuildFile; fileRef = DEBC7EA3190D7E330021C3AE /* botPanel.png */; };
		DEBC7ECC190D7E330021C3AE /* botPanel@2x.png in Resources */ = {isa = PBXBuildFile; fileRef = DEBC7EA4190D7E330021C3AE /* botPanel@2x.png */; };
		DEBC7ECD190D7E330021C3AE /* buttonBlueHilight.png in Resources */ = {isa = PBXBuildFile; fileRef = DEBC7EA5190D7E330021C3AE /* buttonBlueHilight.png */; };
		DEBC7ECE190D7E330021C3AE /* buttonBlueHilight@2x.png in Resources */ = {isa = PBXBuildFile; fileRef = DEBC7EA6190D7E330021C3AE /* buttonBlueHilight@2x.png */; };
		DEBC7ECF190D7E330021C3AE /* buttonBlueNormal.png in Resources */ = {isa = PBXBuildFile; fileRef = DEBC7EA7190D7E330021C3AE /* buttonBlueNormal.png */; };
		DEBC7ED0190D7E330021C3AE /* buttonBlueNormal@2x.png in Resources */ = {isa = PBXBuildFile; fileRef = DEBC7EA8190D7E330021C3AE /* buttonBlueNormal@2x.png */; };
		DEBC7ED1190D7E330021C3AE /* buttonGreenHilight.png in Resources */ = {isa = PBXBuildFile; fileRef = DEBC7EA9190D7E330021C3AE /* buttonGreenHilight.png */; };
		DEBC7ED2190D7E330021C3AE /* buttonGreenHilight@2x.png in Resources */ = {isa = PBXBuildFile; fileRef = DEBC7EAA190D7E330021C3AE /* buttonGreenHilight@2x.png */; };
		DEBC7ED3190D7E330021C3AE /* buttonGreenNormal.png in Resources */ = {isa = PBXBuildFile; fileRef = DEBC7EAB190D7E330021C3AE /* buttonGreenNormal.png */; };
		DEBC7ED4190D7E330021C3AE /* buttonGreenNormal@2x.png in Resources */ = {isa = PBXBuildFile; fileRef = DEBC7EAC190D7E330021C3AE /* buttonGreenNormal@2x.png */; };
		DEBC7ED5190D7E330021C3AE /* buttonOrangeHilight.png in Resources */ = {isa = PBXBuildFile; fileRef = DEBC7EAD190D7E330021C3AE /* buttonOrangeHilight.png */; };
		DEBC7ED6190D7E330021C3AE /* buttonOrangeHilight@2x.png in Resources */ = {isa = PBXBuildFile; fileRef = DEBC7EAE190D7E330021C3AE /* buttonOrangeHilight@2x.png */; };
		DEBC7ED7190D7E330021C3AE /* buttonOrangeNormal.png in Resources */ = {isa = PBXBuildFile; fileRef = DEBC7EAF190D7E330021C3AE /* buttonOrangeNormal.png */; };
		DEBC7ED8190D7E330021C3AE /* buttonOrangeNormal@2x.png in Resources */ = {isa = PBXBuildFile; fileRef = DEBC7EB0190D7E330021C3AE /* buttonOrangeNormal@2x.png */; };
		DEBC7ED9190D7E330021C3AE /* buttonRedHilight.png in Resources */ = {isa = PBXBuildFile; fileRef = DEBC7EB1190D7E330021C3AE /* buttonRedHilight.png */; };
		DEBC7EDA190D7E330021C3AE /* buttonRedHilight@2x.png in Resources */ = {isa = PBXBuildFile; fileRef = DEBC7EB2190D7E330021C3AE /* buttonRedHilight@2x.png */; };
		DEBC7EDB190D7E330021C3AE /* buttonRedNormal.png in Resources */ = {isa = PBXBuildFile; fileRef = DEBC7EB3190D7E330021C3AE /* buttonRedNormal.png */; };
		DEBC7EDC190D7E330021C3AE /* buttonRedNormal@2x.png in Resources */ = {isa = PBXBuildFile; fileRef = DEBC7EB4190D7E330021C3AE /* buttonRedNormal@2x.png */; };
		DEBC7EDD190D7E330021C3AE /* buttonTealHilight.png in Resources */ = {isa = PBXBuildFile; fileRef = DEBC7EB5190D7E330021C3AE /* buttonTealHilight.png */; };
		DEBC7EDE190D7E330021C3AE /* buttonTealHilight@2x.png in Resources */ = {isa = PBXBuildFile; fileRef = DEBC7EB6190D7E330021C3AE /* buttonTealHilight@2x.png */; };
		DEBC7EDF190D7E330021C3AE /* buttonTealNormal.png in Resources */ = {isa = PBXBuildFile; fileRef = DEBC7EB7190D7E330021C3AE /* buttonTealNormal.png */; };
		DEBC7EE0190D7E330021C3AE /* buttonTealNormal@2x.png in Resources */ = {isa = PBXBuildFile; fileRef = DEBC7EB8190D7E330021C3AE /* buttonTealNormal@2x.png */; };
		DEBC7EE1190D7E330021C3AE /* buttonYellowHilight.png in Resources */ = {isa = PBXBuildFile; fileRef = DEBC7EB9190D7E330021C3AE /* buttonYellowHilight.png */; };
		DEBC7EE2190D7E330021C3AE /* buttonYellowHilight@2x.png in Resources */ = {isa = PBXBuildFile; fileRef = DEBC7EBA190D7E330021C3AE /* buttonYellowHilight@2x.png */; };
		DEBC7EE3190D7E330021C3AE /* buttonYellowNormal.png in Resources */ = {isa = PBXBuildFile; fileRef = DEBC7EBB190D7E330021C3AE /* buttonYellowNormal.png */; };
		DEBC7EE4190D7E330021C3AE /* buttonYellowNormal@2x.png in Resources */ = {isa = PBXBuildFile; fileRef = DEBC7EBC190D7E330021C3AE /* buttonYellowNormal@2x.png */; };
		DEBC7EE5190D7E330021C3AE /* centerFieldView.png in Resources */ = {isa = PBXBuildFile; fileRef = DEBC7EBD190D7E330021C3AE /* centerFieldView.png */; };
		DEBC7EE6190D7E330021C3AE /* centerFieldView@2x.png in Resources */ = {isa = PBXBuildFile; fileRef = DEBC7EBE190D7E330021C3AE /* centerFieldView@2x.png */; };
		DEBC7EE7190D7E330021C3AE /* FrameVignette.png in Resources */ = {isa = PBXBuildFile; fileRef = DEBC7EBF190D7E330021C3AE /* FrameVignette.png */; };
		DEBC7EE8190D7E330021C3AE /* FrameVignette@2x.png in Resources */ = {isa = PBXBuildFile; fileRef = DEBC7EC0190D7E330021C3AE /* FrameVignette@2x.png */; };
		DEBC7EE9190D7E330021C3AE /* hexBG-568h.png.png in Resources */ = {isa = PBXBuildFile; fileRef = DEBC7EC1190D7E330021C3AE /* hexBG-568h.png.png */; };
		DEBC7EEA190D7E330021C3AE /* hexBG-568h@2x.png@2x.png in Resources */ = {isa = PBXBuildFile; fileRef = DEBC7EC2190D7E330021C3AE /* hexBG-568h@2x.png@2x.png */; };
		DEBC7EEB190D7E330021C3AE /* hintEmpty.png in Resources */ = {isa = PBXBuildFile; fileRef = DEBC7EC3190D7E330021C3AE /* hintEmpty.png */; };
		DEBC7EEC190D7E330021C3AE /* hintEmpty@2x.png in Resources */ = {isa = PBXBuildFile; fileRef = DEBC7EC4190D7E330021C3AE /* hintEmpty@2x.png */; };
		DEBC7EED190D7E330021C3AE /* hole.png in Resources */ = {isa = PBXBuildFile; fileRef = DEBC7EC5190D7E330021C3AE /* hole.png */; };
		DEBC7EEE190D7E330021C3AE /* hole@2x.png in Resources */ = {isa = PBXBuildFile; fileRef = DEBC7EC6190D7E330021C3AE /* hole@2x.png */; };
		DEBC7EEF190D7E330021C3AE /* randomLight.png in Resources */ = {isa = PBXBuildFile; fileRef = DEBC7EC7190D7E330021C3AE /* randomLight.png */; };
		DEBC7EF0190D7E330021C3AE /* randomLight@2x.png in Resources */ = {isa = PBXBuildFile; fileRef = DEBC7EC8190D7E330021C3AE /* randomLight@2x.png */; };
		DEBC7EF1190D7E330021C3AE /* topPanel.png in Resources */ = {isa = PBXBuildFile; fileRef = DEBC7EC9190D7E330021C3AE /* topPanel.png */; };
		DEBC7EF2190D7E330021C3AE /* topPanel@2x.png in Resources */ = {isa = PBXBuildFile; fileRef = DEBC7ECA190D7E330021C3AE /* topPanel@2x.png */; };
/* End PBXBuildFile section */

/* Begin PBXContainerItemProxy section */
		DEBC7E90190D44280021C3AE /* PBXContainerItemProxy */ = {
			isa = PBXContainerItemProxy;
			containerPortal = DEBC7E5F190D44280021C3AE /* Project object */;
			proxyType = 1;
			remoteGlobalIDString = DEBC7E66190D44280021C3AE;
			remoteInfo = CodeMaster;
		};
/* End PBXContainerItemProxy section */

/* Begin PBXFileReference section */
		DEBC7E67190D44280021C3AE /* CodeMaster.app */ = {isa = PBXFileReference; explicitFileType = wrapper.application; includeInIndex = 0; path = CodeMaster.app; sourceTree = BUILT_PRODUCTS_DIR; };
		DEBC7E6A190D44280021C3AE /* Foundation.framework */ = {isa = PBXFileReference; lastKnownFileType = wrapper.framework; name = Foundation.framework; path = System/Library/Frameworks/Foundation.framework; sourceTree = SDKROOT; };
		DEBC7E6C190D44280021C3AE /* CoreGraphics.framework */ = {isa = PBXFileReference; lastKnownFileType = wrapper.framework; name = CoreGraphics.framework; path = System/Library/Frameworks/CoreGraphics.framework; sourceTree = SDKROOT; };
		DEBC7E6E190D44280021C3AE /* UIKit.framework */ = {isa = PBXFileReference; lastKnownFileType = wrapper.framework; name = UIKit.framework; path = System/Library/Frameworks/UIKit.framework; sourceTree = SDKROOT; };
		DEBC7E72190D44280021C3AE /* CodeMaster-Info.plist */ = {isa = PBXFileReference; lastKnownFileType = text.plist.xml; path = "CodeMaster-Info.plist"; sourceTree = "<group>"; };
		DEBC7E74190D44280021C3AE /* en */ = {isa = PBXFileReference; lastKnownFileType = text.plist.strings; name = en; path = en.lproj/InfoPlist.strings; sourceTree = "<group>"; };
		DEBC7E76190D44280021C3AE /* main.m */ = {isa = PBXFileReference; lastKnownFileType = sourcecode.c.objc; path = main.m; sourceTree = "<group>"; };
		DEBC7E78190D44280021C3AE /* CodeMaster-Prefix.pch */ = {isa = PBXFileReference; lastKnownFileType = sourcecode.c.h; path = "CodeMaster-Prefix.pch"; sourceTree = "<group>"; };
		DEBC7E79190D44280021C3AE /* NATAppDelegate.h */ = {isa = PBXFileReference; lastKnownFileType = sourcecode.c.h; path = NATAppDelegate.h; sourceTree = "<group>"; };
		DEBC7E7A190D44280021C3AE /* NATAppDelegate.m */ = {isa = PBXFileReference; lastKnownFileType = sourcecode.c.objc; path = NATAppDelegate.m; sourceTree = "<group>"; };
		DEBC7E7D190D44280021C3AE /* Base */ = {isa = PBXFileReference; lastKnownFileType = file.storyboard; name = Base; path = Base.lproj/Main_iPhone.storyboard; sourceTree = "<group>"; };
		DEBC7E80190D44280021C3AE /* Base */ = {isa = PBXFileReference; lastKnownFileType = file.storyboard; name = Base; path = Base.lproj/Main_iPad.storyboard; sourceTree = "<group>"; };
		DEBC7E82190D44280021C3AE /* NATViewController.h */ = {isa = PBXFileReference; lastKnownFileType = sourcecode.c.h; path = NATViewController.h; sourceTree = "<group>"; };
		DEBC7E83190D44280021C3AE /* NATViewController.m */ = {isa = PBXFileReference; lastKnownFileType = sourcecode.c.objc; path = NATViewController.m; sourceTree = "<group>"; };
		DEBC7E85190D44280021C3AE /* Images.xcassets */ = {isa = PBXFileReference; lastKnownFileType = folder.assetcatalog; path = Images.xcassets; sourceTree = "<group>"; };
		DEBC7E8B190D44280021C3AE /* CodeMasterTests.xctest */ = {isa = PBXFileReference; explicitFileType = wrapper.cfbundle; includeInIndex = 0; path = CodeMasterTests.xctest; sourceTree = BUILT_PRODUCTS_DIR; };
		DEBC7E8C190D44280021C3AE /* XCTest.framework */ = {isa = PBXFileReference; lastKnownFileType = wrapper.framework; name = XCTest.framework; path = Library/Frameworks/XCTest.framework; sourceTree = DEVELOPER_DIR; };
		DEBC7E94190D44280021C3AE /* CodeMasterTests-Info.plist */ = {isa = PBXFileReference; lastKnownFileType = text.plist.xml; path = "CodeMasterTests-Info.plist"; sourceTree = "<group>"; };
		DEBC7E96190D44280021C3AE /* en */ = {isa = PBXFileReference; lastKnownFileType = text.plist.strings; name = en; path = en.lproj/InfoPlist.strings; sourceTree = "<group>"; };
		DEBC7E98190D44280021C3AE /* CodeMasterTests.m */ = {isa = PBXFileReference; lastKnownFileType = sourcecode.c.objc; path = CodeMasterTests.m; sourceTree = "<group>"; };
		DEBC7EA3190D7E330021C3AE /* botPanel.png */ = {isa = PBXFileReference; lastKnownFileType = image.png; path = botPanel.png; sourceTree = "<group>"; };
		DEBC7EA4190D7E330021C3AE /* botPanel@2x.png */ = {isa = PBXFileReference; lastKnownFileType = image.png; path = "botPanel@2x.png"; sourceTree = "<group>"; };
		DEBC7EA5190D7E330021C3AE /* buttonBlueHilight.png */ = {isa = PBXFileReference; lastKnownFileType = image.png; path = buttonBlueHilight.png; sourceTree = "<group>"; };
		DEBC7EA6190D7E330021C3AE /* buttonBlueHilight@2x.png */ = {isa = PBXFileReference; lastKnownFileType = image.png; path = "buttonBlueHilight@2x.png"; sourceTree = "<group>"; };
		DEBC7EA7190D7E330021C3AE /* buttonBlueNormal.png */ = {isa = PBXFileReference; lastKnownFileType = image.png; path = buttonBlueNormal.png; sourceTree = "<group>"; };
		DEBC7EA8190D7E330021C3AE /* buttonBlueNormal@2x.png */ = {isa = PBXFileReference; lastKnownFileType = image.png; path = "buttonBlueNormal@2x.png"; sourceTree = "<group>"; };
		DEBC7EA9190D7E330021C3AE /* buttonGreenHilight.png */ = {isa = PBXFileReference; lastKnownFileType = image.png; path = buttonGreenHilight.png; sourceTree = "<group>"; };
		DEBC7EAA190D7E330021C3AE /* buttonGreenHilight@2x.png */ = {isa = PBXFileReference; lastKnownFileType = image.png; path = "buttonGreenHilight@2x.png"; sourceTree = "<group>"; };
		DEBC7EAB190D7E330021C3AE /* buttonGreenNormal.png */ = {isa = PBXFileReference; lastKnownFileType = image.png; path = buttonGreenNormal.png; sourceTree = "<group>"; };
		DEBC7EAC190D7E330021C3AE /* buttonGreenNormal@2x.png */ = {isa = PBXFileReference; lastKnownFileType = image.png; path = "buttonGreenNormal@2x.png"; sourceTree = "<group>"; };
		DEBC7EAD190D7E330021C3AE /* buttonOrangeHilight.png */ = {isa = PBXFileReference; lastKnownFileType = image.png; path = buttonOrangeHilight.png; sourceTree = "<group>"; };
		DEBC7EAE190D7E330021C3AE /* buttonOrangeHilight@2x.png */ = {isa = PBXFileReference; lastKnownFileType = image.png; path = "buttonOrangeHilight@2x.png"; sourceTree = "<group>"; };
		DEBC7EAF190D7E330021C3AE /* buttonOrangeNormal.png */ = {isa = PBXFileReference; lastKnownFileType = image.png; path = buttonOrangeNormal.png; sourceTree = "<group>"; };
		DEBC7EB0190D7E330021C3AE /* buttonOrangeNormal@2x.png */ = {isa = PBXFileReference; lastKnownFileType = image.png; path = "buttonOrangeNormal@2x.png"; sourceTree = "<group>"; };
		DEBC7EB1190D7E330021C3AE /* buttonRedHilight.png */ = {isa = PBXFileReference; lastKnownFileType = image.png; path = buttonRedHilight.png; sourceTree = "<group>"; };
		DEBC7EB2190D7E330021C3AE /* buttonRedHilight@2x.png */ = {isa = PBXFileReference; lastKnownFileType = image.png; path = "buttonRedHilight@2x.png"; sourceTree = "<group>"; };
		DEBC7EB3190D7E330021C3AE /* buttonRedNormal.png */ = {isa = PBXFileReference; lastKnownFileType = image.png; path = buttonRedNormal.png; sourceTree = "<group>"; };
		DEBC7EB4190D7E330021C3AE /* buttonRedNormal@2x.png */ = {isa = PBXFileReference; lastKnownFileType = image.png; path = "buttonRedNormal@2x.png"; sourceTree = "<group>"; };
		DEBC7EB5190D7E330021C3AE /* buttonTealHilight.png */ = {isa = PBXFileReference; lastKnownFileType = image.png; path = buttonTealHilight.png; sourceTree = "<group>"; };
		DEBC7EB6190D7E330021C3AE /* buttonTealHilight@2x.png */ = {isa = PBXFileReference; lastKnownFileType = image.png; path = "buttonTealHilight@2x.png"; sourceTree = "<group>"; };
		DEBC7EB7190D7E330021C3AE /* buttonTealNormal.png */ = {isa = PBXFileReference; lastKnownFileType = image.png; path = buttonTealNormal.png; sourceTree = "<group>"; };
		DEBC7EB8190D7E330021C3AE /* buttonTealNormal@2x.png */ = {isa = PBXFileReference; lastKnownFileType = image.png; path = "buttonTealNormal@2x.png"; sourceTree = "<group>"; };
		DEBC7EB9190D7E330021C3AE /* buttonYellowHilight.png */ = {isa = PBXFileReference; lastKnownFileType = image.png; path = buttonYellowHilight.png; sourceTree = "<group>"; };
		DEBC7EBA190D7E330021C3AE /* buttonYellowHilight@2x.png */ = {isa = PBXFileReference; lastKnownFileType = image.png; path = "buttonYellowHilight@2x.png"; sourceTree = "<group>"; };
		DEBC7EBB190D7E330021C3AE /* buttonYellowNormal.png */ = {isa = PBXFileReference; lastKnownFileType = image.png; path = buttonYellowNormal.png; sourceTree = "<group>"; };
		DEBC7EBC190D7E330021C3AE /* buttonYellowNormal@2x.png */ = {isa = PBXFileReference; lastKnownFileType = image.png; path = "buttonYellowNormal@2x.png"; sourceTree = "<group>"; };
		DEBC7EBD190D7E330021C3AE /* centerFieldView.png */ = {isa = PBXFileReference; lastKnownFileType = image.png; path = centerFieldView.png; sourceTree = "<group>"; };
		DEBC7EBE190D7E330021C3AE /* centerFieldView@2x.png */ = {isa = PBXFileReference; lastKnownFileType = image.png; path = "centerFieldView@2x.png"; sourceTree = "<group>"; };
		DEBC7EBF190D7E330021C3AE /* FrameVignette.png */ = {isa = PBXFileReference; lastKnownFileType = image.png; path = FrameVignette.png; sourceTree = "<group>"; };
		DEBC7EC0190D7E330021C3AE /* FrameVignette@2x.png */ = {isa = PBXFileReference; lastKnownFileType = image.png; path = "FrameVignette@2x.png"; sourceTree = "<group>"; };
		DEBC7EC1190D7E330021C3AE /* hexBG-568h.png.png */ = {isa = PBXFileReference; lastKnownFileType = image.png; path = "hexBG-568h.png.png"; sourceTree = "<group>"; };
		DEBC7EC2190D7E330021C3AE /* hexBG-568h@2x.png@2x.png */ = {isa = PBXFileReference; lastKnownFileType = image.png; path = "hexBG-568h@2x.png@2x.png"; sourceTree = "<group>"; };
		DEBC7EC3190D7E330021C3AE /* hintEmpty.png */ = {isa = PBXFileReference; lastKnownFileType = image.png; path = hintEmpty.png; sourceTree = "<group>"; };
		DEBC7EC4190D7E330021C3AE /* hintEmpty@2x.png */ = {isa = PBXFileReference; lastKnownFileType = image.png; path = "hintEmpty@2x.png"; sourceTree = "<group>"; };
		DEBC7EC5190D7E330021C3AE /* hole.png */ = {isa = PBXFileReference; lastKnownFileType = image.png; path = hole.png; sourceTree = "<group>"; };
		DEBC7EC6190D7E330021C3AE /* hole@2x.png */ = {isa = PBXFileReference; lastKnownFileType = image.png; path = "hole@2x.png"; sourceTree = "<group>"; };
		DEBC7EC7190D7E330021C3AE /* randomLight.png */ = {isa = PBXFileReference; lastKnownFileType = image.png; path = randomLight.png; sourceTree = "<group>"; };
		DEBC7EC8190D7E330021C3AE /* randomLight@2x.png */ = {isa = PBXFileReference; lastKnownFileType = image.png; path = "randomLight@2x.png"; sourceTree = "<group>"; };
		DEBC7EC9190D7E330021C3AE /* topPanel.png */ = {isa = PBXFileReference; lastKnownFileType = image.png; path = topPanel.png; sourceTree = "<group>"; };
		DEBC7ECA190D7E330021C3AE /* topPanel@2x.png */ = {isa = PBXFileReference; lastKnownFileType = image.png; path = "topPanel@2x.png"; sourceTree = "<group>"; };
/* End PBXFileReference section */

/* Begin PBXFrameworksBuildPhase section */
		DEBC7E64190D44280021C3AE /* Frameworks */ = {
			isa = PBXFrameworksBuildPhase;
			buildActionMask = 2147483647;
			files = (
				DEBC7E6D190D44280021C3AE /* CoreGraphics.framework in Frameworks */,
				DEBC7E6F190D44280021C3AE /* UIKit.framework in Frameworks */,
				DEBC7E6B190D44280021C3AE /* Foundation.framework in Frameworks */,
			);
			runOnlyForDeploymentPostprocessing = 0;
		};
		DEBC7E88190D44280021C3AE /* Frameworks */ = {
			isa = PBXFrameworksBuildPhase;
			buildActionMask = 2147483647;
			files = (
				DEBC7E8D190D44280021C3AE /* XCTest.framework in Frameworks */,
				DEBC7E8F190D44280021C3AE /* UIKit.framework in Frameworks */,
				DEBC7E8E190D44280021C3AE /* Foundation.framework in Frameworks */,
			);
			runOnlyForDeploymentPostprocessing = 0;
		};
/* End PBXFrameworksBuildPhase section */

/* Begin PBXGroup section */
		DEBC7E5E190D44280021C3AE = {
			isa = PBXGroup;
			children = (
				DEBC7EA2190D7DF80021C3AE /* Art */,
				DEBC7E70190D44280021C3AE /* CodeMaster */,
				DEBC7E92190D44280021C3AE /* CodeMasterTests */,
				DEBC7E69190D44280021C3AE /* Frameworks */,
				DEBC7E68190D44280021C3AE /* Products */,
			);
			sourceTree = "<group>";
		};
		DEBC7E68190D44280021C3AE /* Products */ = {
			isa = PBXGroup;
			children = (
				DEBC7E67190D44280021C3AE /* CodeMaster.app */,
				DEBC7E8B190D44280021C3AE /* CodeMasterTests.xctest */,
			);
			name = Products;
			sourceTree = "<group>";
		};
		DEBC7E69190D44280021C3AE /* Frameworks */ = {
			isa = PBXGroup;
			children = (
				DEBC7E6A190D44280021C3AE /* Foundation.framework */,
				DEBC7E6C190D44280021C3AE /* CoreGraphics.framework */,
				DEBC7E6E190D44280021C3AE /* UIKit.framework */,
				DEBC7E8C190D44280021C3AE /* XCTest.framework */,
			);
			name = Frameworks;
			sourceTree = "<group>";
		};
		DEBC7E70190D44280021C3AE /* CodeMaster */ = {
			isa = PBXGroup;
			children = (
				DEBC7E79190D44280021C3AE /* NATAppDelegate.h */,
				DEBC7E7A190D44280021C3AE /* NATAppDelegate.m */,
				DEBC7E7C190D44280021C3AE /* Main_iPhone.storyboard */,
				DEBC7E7F190D44280021C3AE /* Main_iPad.storyboard */,
				DEBC7E82190D44280021C3AE /* NATViewController.h */,
				DEBC7E83190D44280021C3AE /* NATViewController.m */,
				DEBC7E85190D44280021C3AE /* Images.xcassets */,
				DEBC7E71190D44280021C3AE /* Supporting Files */,
			);
			path = CodeMaster;
			sourceTree = "<group>";
		};
		DEBC7E71190D44280021C3AE /* Supporting Files */ = {
			isa = PBXGroup;
			children = (
				DEBC7E72190D44280021C3AE /* CodeMaster-Info.plist */,
				DEBC7E73190D44280021C3AE /* InfoPlist.strings */,
				DEBC7E76190D44280021C3AE /* main.m */,
				DEBC7E78190D44280021C3AE /* CodeMaster-Prefix.pch */,
			);
			name = "Supporting Files";
			sourceTree = "<group>";
		};
		DEBC7E92190D44280021C3AE /* CodeMasterTests */ = {
			isa = PBXGroup;
			children = (
				DEBC7E98190D44280021C3AE /* CodeMasterTests.m */,
				DEBC7E93190D44280021C3AE /* Supporting Files */,
			);
			path = CodeMasterTests;
			sourceTree = "<group>";
		};
		DEBC7E93190D44280021C3AE /* Supporting Files */ = {
			isa = PBXGroup;
			children = (
				DEBC7E94190D44280021C3AE /* CodeMasterTests-Info.plist */,
				DEBC7E95190D44280021C3AE /* InfoPlist.strings */,
			);
			name = "Supporting Files";
			sourceTree = "<group>";
		};
		DEBC7EA2190D7DF80021C3AE /* Art */ = {
			isa = PBXGroup;
			children = (
				DEBC7EA3190D7E330021C3AE /* botPanel.png */,
				DEBC7EA4190D7E330021C3AE /* botPanel@2x.png */,
				DEBC7EA5190D7E330021C3AE /* buttonBlueHilight.png */,
				DEBC7EA6190D7E330021C3AE /* buttonBlueHilight@2x.png */,
				DEBC7EA7190D7E330021C3AE /* buttonBlueNormal.png */,
				DEBC7EA8190D7E330021C3AE /* buttonBlueNormal@2x.png */,
				DEBC7EA9190D7E330021C3AE /* buttonGreenHilight.png */,
				DEBC7EAA190D7E330021C3AE /* buttonGreenHilight@2x.png */,
				DEBC7EAB190D7E330021C3AE /* buttonGreenNormal.png */,
				DEBC7EAC190D7E330021C3AE /* buttonGreenNormal@2x.png */,
				DEBC7EAD190D7E330021C3AE /* buttonOrangeHilight.png */,
				DEBC7EAE190D7E330021C3AE /* buttonOrangeHilight@2x.png */,
				DEBC7EAF190D7E330021C3AE /* buttonOrangeNormal.png */,
				DEBC7EB0190D7E330021C3AE /* buttonOrangeNormal@2x.png */,
				DEBC7EB1190D7E330021C3AE /* buttonRedHilight.png */,
				DEBC7EB2190D7E330021C3AE /* buttonRedHilight@2x.png */,
				DEBC7EB3190D7E330021C3AE /* buttonRedNormal.png */,
				DEBC7EB4190D7E330021C3AE /* buttonRedNormal@2x.png */,
				DEBC7EB5190D7E330021C3AE /* buttonTealHilight.png */,
				DEBC7EB6190D7E330021C3AE /* buttonTealHilight@2x.png */,
				DEBC7EB7190D7E330021C3AE /* buttonTealNormal.png */,
				DEBC7EB8190D7E330021C3AE /* buttonTealNormal@2x.png */,
				DEBC7EB9190D7E330021C3AE /* buttonYellowHilight.png */,
				DEBC7EBA190D7E330021C3AE /* buttonYellowHilight@2x.png */,
				DEBC7EBB190D7E330021C3AE /* buttonYellowNormal.png */,
				DEBC7EBC190D7E330021C3AE /* buttonYellowNormal@2x.png */,
				DEBC7EBD190D7E330021C3AE /* centerFieldView.png */,
				DEBC7EBE190D7E330021C3AE /* centerFieldView@2x.png */,
				DEBC7EBF190D7E330021C3AE /* FrameVignette.png */,
				DEBC7EC0190D7E330021C3AE /* FrameVignette@2x.png */,
				DEBC7EC1190D7E330021C3AE /* hexBG-568h.png.png */,
				DEBC7EC2190D7E330021C3AE /* hexBG-568h@2x.png@2x.png */,
				DEBC7EC3190D7E330021C3AE /* hintEmpty.png */,
				DEBC7EC4190D7E330021C3AE /* hintEmpty@2x.png */,
				DEBC7EC5190D7E330021C3AE /* hole.png */,
				DEBC7EC6190D7E330021C3AE /* hole@2x.png */,
				DEBC7EC7190D7E330021C3AE /* randomLight.png */,
				DEBC7EC8190D7E330021C3AE /* randomLight@2x.png */,
				DEBC7EC9190D7E330021C3AE /* topPanel.png */,
				DEBC7ECA190D7E330021C3AE /* topPanel@2x.png */,
			);
			name = Art;
			sourceTree = "<group>";
		};
/* End PBXGroup section */

/* Begin PBXNativeTarget section */
		DEBC7E66190D44280021C3AE /* CodeMaster */ = {
			isa = PBXNativeTarget;
			buildConfigurationList = DEBC7E9C190D44280021C3AE /* Build configuration list for PBXNativeTarget "CodeMaster" */;
			buildPhases = (
				DEBC7E63190D44280021C3AE /* Sources */,
				DEBC7E64190D44280021C3AE /* Frameworks */,
				DEBC7E65190D44280021C3AE /* Resources */,
			);
			buildRules = (
			);
			dependencies = (
			);
			name = CodeMaster;
			productName = CodeMaster;
			productReference = DEBC7E67190D44280021C3AE /* CodeMaster.app */;
			productType = "com.apple.product-type.application";
		};
		DEBC7E8A190D44280021C3AE /* CodeMasterTests */ = {
			isa = PBXNativeTarget;
			buildConfigurationList = DEBC7E9F190D44280021C3AE /* Build configuration list for PBXNativeTarget "CodeMasterTests" */;
			buildPhases = (
				DEBC7E87190D44280021C3AE /* Sources */,
				DEBC7E88190D44280021C3AE /* Frameworks */,
				DEBC7E89190D44280021C3AE /* Resources */,
			);
			buildRules = (
			);
			dependencies = (
				DEBC7E91190D44280021C3AE /* PBXTargetDependency */,
			);
			name = CodeMasterTests;
			productName = CodeMasterTests;
			productReference = DEBC7E8B190D44280021C3AE /* CodeMasterTests.xctest */;
			productType = "com.apple.product-type.bundle.unit-test";
		};
/* End PBXNativeTarget section */

/* Begin PBXProject section */
		DEBC7E5F190D44280021C3AE /* Project object */ = {
			isa = PBXProject;
			attributes = {
				CLASSPREFIX = NAT;
				LastUpgradeCheck = 0510;
				ORGANIZATIONNAME = "Nate Berman";
				TargetAttributes = {
					DEBC7E8A190D44280021C3AE = {
						TestTargetID = DEBC7E66190D44280021C3AE;
					};
				};
			};
			buildConfigurationList = DEBC7E62190D44280021C3AE /* Build configuration list for PBXProject "CodeMaster" */;
			compatibilityVersion = "Xcode 3.2";
			developmentRegion = English;
			hasScannedForEncodings = 0;
			knownRegions = (
				en,
				Base,
			);
			mainGroup = DEBC7E5E190D44280021C3AE;
			productRefGroup = DEBC7E68190D44280021C3AE /* Products */;
			projectDirPath = "";
			projectRoot = "";
			targets = (
				DEBC7E66190D44280021C3AE /* CodeMaster */,
				DEBC7E8A190D44280021C3AE /* CodeMasterTests */,
			);
		};
/* End PBXProject section */

/* Begin PBXResourcesBuildPhase section */
		DEBC7E65190D44280021C3AE /* Resources */ = {
			isa = PBXResourcesBuildPhase;
			buildActionMask = 2147483647;
			files = (
				DEBC7EE2190D7E330021C3AE /* buttonYellowHilight@2x.png in Resources */,
				DEBC7ED5190D7E330021C3AE /* buttonOrangeHilight.png in Resources */,
				DEBC7EDC190D7E330021C3AE /* buttonRedNormal@2x.png in Resources */,
				DEBC7ED2190D7E330021C3AE /* buttonGreenHilight@2x.png in Resources */,
				DEBC7EE1190D7E330021C3AE /* buttonYellowHilight.png in Resources */,
				DEBC7EE5190D7E330021C3AE /* centerFieldView.png in Resources */,
				DEBC7EE4190D7E330021C3AE /* buttonYellowNormal@2x.png in Resources */,
				DEBC7EDF190D7E330021C3AE /* buttonTealNormal.png in Resources */,
				DEBC7EEE190D7E330021C3AE /* hole@2x.png in Resources */,
				DEBC7ED7190D7E330021C3AE /* buttonOrangeNormal.png in Resources */,
				DEBC7EEB190D7E330021C3AE /* hintEmpty.png in Resources */,
				DEBC7EF2190D7E330021C3AE /* topPanel@2x.png in Resources */,
				DEBC7ED4190D7E330021C3AE /* buttonGreenNormal@2x.png in Resources */,
				DEBC7E81190D44280021C3AE /* Main_iPad.storyboard in Resources */,
				DEBC7ED0190D7E330021C3AE /* buttonBlueNormal@2x.png in Resources */,
				DEBC7ED3190D7E330021C3AE /* buttonGreenNormal.png in Resources */,
				DEBC7EE9190D7E330021C3AE /* hexBG-568h.png.png in Resources */,
				DEBC7EEC190D7E330021C3AE /* hintEmpty@2x.png in Resources */,
				DEBC7EDD190D7E330021C3AE /* buttonTealHilight.png in Resources */,
				DEBC7EE8190D7E330021C3AE /* FrameVignette@2x.png in Resources */,
				DEBC7ED9190D7E330021C3AE /* buttonRedHilight.png in Resources */,
				DEBC7ECC190D7E330021C3AE /* botPanel@2x.png in Resources */,
				DEBC7EF1190D7E330021C3AE /* topPanel.png in Resources */,
				DEBC7ECE190D7E330021C3AE /* buttonBlueHilight@2x.png in Resources */,
				DEBC7EE0190D7E330021C3AE /* buttonTealNormal@2x.png in Resources */,
				DEBC7ED6190D7E330021C3AE /* buttonOrangeHilight@2x.png in Resources */,
				DEBC7EE6190D7E330021C3AE /* centerFieldView@2x.png in Resources */,
				DEBC7EE7190D7E330021C3AE /* FrameVignette.png in Resources */,
				DEBC7EEF190D7E330021C3AE /* randomLight.png in Resources */,
				DEBC7ECF190D7E330021C3AE /* buttonBlueNormal.png in Resources */,
				DEBC7EEA190D7E330021C3AE /* hexBG-568h@2x.png@2x.png in Resources */,
				DEBC7ED8190D7E330021C3AE /* buttonOrangeNormal@2x.png in Resources */,
				DEBC7ECD190D7E330021C3AE /* buttonBlueHilight.png in Resources */,
				DEBC7EDE190D7E330021C3AE /* buttonTealHilight@2x.png in Resources */,
				DEBC7EE3190D7E330021C3AE /* buttonYellowNormal.png in Resources */,
				DEBC7EDB190D7E330021C3AE /* buttonRedNormal.png in Resources */,
				DEBC7E86190D44280021C3AE /* Images.xcassets in Resources */,
				DEBC7ED1190D7E330021C3AE /* buttonGreenHilight.png in Resources */,
				DEBC7EF0190D7E330021C3AE /* randomLight@2x.png in Resources */,
				DEBC7EDA190D7E330021C3AE /* buttonRedHilight@2x.png in Resources */,
				DEBC7ECB190D7E330021C3AE /* botPanel.png in Resources */,
				DEBC7E7E190D44280021C3AE /* Main_iPhone.storyboard in Resources */,
				DEBC7E75190D44280021C3AE /* InfoPlist.strings in Resources */,
				DEBC7EED190D7E330021C3AE /* hole.png in Resources */,
			);
			runOnlyForDeploymentPostprocessing = 0;
		};
		DEBC7E89190D44280021C3AE /* Resources */ = {
			isa = PBXResourcesBuildPhase;
			buildActionMask = 2147483647;
			files = (
				DEBC7E97190D44280021C3AE /* InfoPlist.strings in Resources */,
			);
			runOnlyForDeploymentPostprocessing = 0;
		};
/* End PBXResourcesBuildPhase section */

/* Begin PBXSourcesBuildPhase section */
		DEBC7E63190D44280021C3AE /* Sources */ = {
			isa = PBXSourcesBuildPhase;
			buildActionMask = 2147483647;
			files = (
				DEBC7E7B190D44280021C3AE /* NATAppDelegate.m in Sources */,
				DEBC7E84190D44280021C3AE /* NATViewController.m in Sources */,
				DEBC7E77190D44280021C3AE /* main.m in Sources */,
			);
			runOnlyForDeploymentPostprocessing = 0;
		};
		DEBC7E87190D44280021C3AE /* Sources */ = {
			isa = PBXSourcesBuildPhase;
			buildActionMask = 2147483647;
			files = (
				DEBC7E99190D44280021C3AE /* CodeMasterTests.m in Sources */,
			);
			runOnlyForDeploymentPostprocessing = 0;
		};
/* End PBXSourcesBuildPhase section */

/* Begin PBXTargetDependency section */
		DEBC7E91190D44280021C3AE /* PBXTargetDependency */ = {
			isa = PBXTargetDependency;
			target = DEBC7E66190D44280021C3AE /* CodeMaster */;
			targetProxy = DEBC7E90190D44280021C3AE /* PBXContainerItemProxy */;
		};
/* End PBXTargetDependency section */

/* Begin PBXVariantGroup section */
		DEBC7E73190D44280021C3AE /* InfoPlist.strings */ = {
			isa = PBXVariantGroup;
			children = (
				DEBC7E74190D44280021C3AE /* en */,
			);
			name = InfoPlist.strings;
			sourceTree = "<group>";
		};
		DEBC7E7C190D44280021C3AE /* Main_iPhone.storyboard */ = {
			isa = PBXVariantGroup;
			children = (
				DEBC7E7D190D44280021C3AE /* Base */,
			);
			name = Main_iPhone.storyboard;
			sourceTree = "<group>";
		};
		DEBC7E7F190D44280021C3AE /* Main_iPad.storyboard */ = {
			isa = PBXVariantGroup;
			children = (
				DEBC7E80190D44280021C3AE /* Base */,
			);
			name = Main_iPad.storyboard;
			sourceTree = "<group>";
		};
		DEBC7E95190D44280021C3AE /* InfoPlist.strings */ = {
			isa = PBXVariantGroup;
			children = (
				DEBC7E96190D44280021C3AE /* en */,
			);
			name = InfoPlist.strings;
			sourceTree = "<group>";
		};
/* End PBXVariantGroup section */

/* Begin XCBuildConfiguration section */
		DEBC7E9A190D44280021C3AE /* Debug */ = {
			isa = XCBuildConfiguration;
			buildSettings = {
				ALWAYS_SEARCH_USER_PATHS = NO;
				CLANG_CXX_LANGUAGE_STANDARD = "gnu++0x";
				CLANG_CXX_LIBRARY = "libc++";
				CLANG_ENABLE_MODULES = YES;
				CLANG_ENABLE_OBJC_ARC = YES;
				CLANG_WARN_BOOL_CONVERSION = YES;
				CLANG_WARN_CONSTANT_CONVERSION = YES;
				CLANG_WARN_DIRECT_OBJC_ISA_USAGE = YES_ERROR;
				CLANG_WARN_EMPTY_BODY = YES;
				CLANG_WARN_ENUM_CONVERSION = YES;
				CLANG_WARN_INT_CONVERSION = YES;
				CLANG_WARN_OBJC_ROOT_CLASS = YES_ERROR;
				CLANG_WARN__DUPLICATE_METHOD_MATCH = YES;
				"CODE_SIGN_IDENTITY[sdk=iphoneos*]" = "iPhone Developer";
				COPY_PHASE_STRIP = NO;
				GCC_C_LANGUAGE_STANDARD = gnu99;
				GCC_DYNAMIC_NO_PIC = NO;
				GCC_OPTIMIZATION_LEVEL = 0;
				GCC_PREPROCESSOR_DEFINITIONS = (
					"DEBUG=1",
					"$(inherited)",
				);
				GCC_SYMBOLS_PRIVATE_EXTERN = NO;
				GCC_WARN_64_TO_32_BIT_CONVERSION = YES;
				GCC_WARN_ABOUT_RETURN_TYPE = YES_ERROR;
				GCC_WARN_UNDECLARED_SELECTOR = YES;
				GCC_WARN_UNINITIALIZED_AUTOS = YES_AGGRESSIVE;
				GCC_WARN_UNUSED_FUNCTION = YES;
				GCC_WARN_UNUSED_VARIABLE = YES;
				IPHONEOS_DEPLOYMENT_TARGET = 7.1;
				ONLY_ACTIVE_ARCH = YES;
				SDKROOT = iphoneos;
				TARGETED_DEVICE_FAMILY = "1,2";
			};
			name = Debug;
		};
		DEBC7E9B190D44280021C3AE /* Release */ = {
			isa = XCBuildConfiguration;
			buildSettings = {
				ALWAYS_SEARCH_USER_PATHS = NO;
				CLANG_CXX_LANGUAGE_STANDARD = "gnu++0x";
				CLANG_CXX_LIBRARY = "libc++";
				CLANG_ENABLE_MODULES = YES;
				CLANG_ENABLE_OBJC_ARC = YES;
				CLANG_WARN_BOOL_CONVERSION = YES;
				CLANG_WARN_CONSTANT_CONVERSION = YES;
				CLANG_WARN_DIRECT_OBJC_ISA_USAGE = YES_ERROR;
				CLANG_WARN_EMPTY_BODY = YES;
				CLANG_WARN_ENUM_CONVERSION = YES;
				CLANG_WARN_INT_CONVERSION = YES;
				CLANG_WARN_OBJC_ROOT_CLASS = YES_ERROR;
				CLANG_WARN__DUPLICATE_METHOD_MATCH = YES;
				"CODE_SIGN_IDENTITY[sdk=iphoneos*]" = "iPhone Developer";
				COPY_PHASE_STRIP = YES;
				ENABLE_NS_ASSERTIONS = NO;
				GCC_C_LANGUAGE_STANDARD = gnu99;
				GCC_WARN_64_TO_32_BIT_CONVERSION = YES;
				GCC_WARN_ABOUT_RETURN_TYPE = YES_ERROR;
				GCC_WARN_UNDECLARED_SELECTOR = YES;
				GCC_WARN_UNINITIALIZED_AUTOS = YES_AGGRESSIVE;
				GCC_WARN_UNUSED_FUNCTION = YES;
				GCC_WARN_UNUSED_VARIABLE = YES;
				IPHONEOS_DEPLOYMENT_TARGET = 7.1;
				SDKROOT = iphoneos;
				TARGETED_DEVICE_FAMILY = "1,2";
				VALIDATE_PRODUCT = YES;
			};
			name = Release;
		};
		DEBC7E9D190D44280021C3AE /* Debug */ = {
			isa = XCBuildConfiguration;
			buildSettings = {
				ASSETCATALOG_COMPILER_APPICON_NAME = AppIcon;
				ASSETCATALOG_COMPILER_LAUNCHIMAGE_NAME = LaunchImage;
				GCC_PRECOMPILE_PREFIX_HEADER = YES;
				GCC_PREFIX_HEADER = "CodeMaster/CodeMaster-Prefix.pch";
				INFOPLIST_FILE = "CodeMaster/CodeMaster-Info.plist";
				PRODUCT_NAME = "$(TARGET_NAME)";
				WRAPPER_EXTENSION = app;
			};
			name = Debug;
		};
		DEBC7E9E190D44280021C3AE /* Release */ = {
			isa = XCBuildConfiguration;
			buildSettings = {
				ASSETCATALOG_COMPILER_APPICON_NAME = AppIcon;
				ASSETCATALOG_COMPILER_LAUNCHIMAGE_NAME = LaunchImage;
				GCC_PRECOMPILE_PREFIX_HEADER = YES;
				GCC_PREFIX_HEADER = "CodeMaster/CodeMaster-Prefix.pch";
				INFOPLIST_FILE = "CodeMaster/CodeMaster-Info.plist";
				PRODUCT_NAME = "$(TARGET_NAME)";
				WRAPPER_EXTENSION = app;
			};
			name = Release;
		};
		DEBC7EA0190D44280021C3AE /* Debug */ = {
			isa = XCBuildConfiguration;
			buildSettings = {
				BUNDLE_LOADER = "$(BUILT_PRODUCTS_DIR)/CodeMaster.app/CodeMaster";
				FRAMEWORK_SEARCH_PATHS = (
					"$(SDKROOT)/Developer/Library/Frameworks",
					"$(inherited)",
					"$(DEVELOPER_FRAMEWORKS_DIR)",
				);
				GCC_PRECOMPILE_PREFIX_HEADER = YES;
				GCC_PREFIX_HEADER = "CodeMaster/CodeMaster-Prefix.pch";
				GCC_PREPROCESSOR_DEFINITIONS = (
					"DEBUG=1",
					"$(inherited)",
				);
				INFOPLIST_FILE = "CodeMasterTests/CodeMasterTests-Info.plist";
				PRODUCT_NAME = "$(TARGET_NAME)";
				TEST_HOST = "$(BUNDLE_LOADER)";
				WRAPPER_EXTENSION = xctest;
			};
			name = Debug;
		};
		DEBC7EA1190D44280021C3AE /* Release */ = {
			isa = XCBuildConfiguration;
			buildSettings = {
				BUNDLE_LOADER = "$(BUILT_PRODUCTS_DIR)/CodeMaster.app/CodeMaster";
				FRAMEWORK_SEARCH_PATHS = (
					"$(SDKROOT)/Developer/Library/Frameworks",
					"$(inherited)",
					"$(DEVELOPER_FRAMEWORKS_DIR)",
				);
				GCC_PRECOMPILE_PREFIX_HEADER = YES;
				GCC_PREFIX_HEADER = "CodeMaster/CodeMaster-Prefix.pch";
				INFOPLIST_FILE = "CodeMasterTests/CodeMasterTests-Info.plist";
				PRODUCT_NAME = "$(TARGET_NAME)";
				TEST_HOST = "$(BUNDLE_LOADER)";
				WRAPPER_EXTENSION = xctest;
			};
			name = Release;
		};
/* End XCBuildConfiguration section */

/* Begin XCConfigurationList section */
		DEBC7E62190D44280021C3AE /* Build configuration list for PBXProject "CodeMaster" */ = {
			isa = XCConfigurationList;
			buildConfigurations = (
				DEBC7E9A190D44280021C3AE /* Debug */,
				DEBC7E9B190D44280021C3AE /* Release */,
			);
			defaultConfigurationIsVisible = 0;
			defaultConfigurationName = Release;
		};
		DEBC7E9C190D44280021C3AE /* Build configuration list for PBXNativeTarget "CodeMaster" */ = {
			isa = XCConfigurationList;
			buildConfigurations = (
				DEBC7E9D190D44280021C3AE /* Debug */,
				DEBC7E9E190D44280021C3AE /* Release */,
			);
			defaultConfigurationIsVisible = 0;
			defaultConfigurationName = Release;
		};
		DEBC7E9F190D44280021C3AE /* Build configuration list for PBXNativeTarget "CodeMasterTests" */ = {
			isa = XCConfigurationList;
			buildConfigurations = (
				DEBC7EA0190D44280021C3AE /* Debug */,
				DEBC7EA1190D44280021C3AE /* Release */,
			);
			defaultConfigurationIsVisible = 0;
			defaultConfigurationName = Release;
		};
/* End XCConfigurationList section */
	};
	rootObject = DEBC7E5F190D44280021C3AE /* Project object */;
}
